
Microsoft Visual Studio Solution File, Format Version 12.00
# Visual Studio Version 16
VisualStudioVersion = 16.0.30011.22
MinimumVisualStudioVersion = 10.0.40219.1
Project("{FAE04EC0-301F-11D3-BF4B-00C04F79EFBC}") = "cotizacionMoneda", "cotizacionMoneda\cotizacionMoneda.csproj", "{F0181524-85C9-4210-84A0-ED4F84E03CE9}"
EndProject
Global
	GlobalSection(SolutionConfigurationPlatforms) = preSolution
		Debug|Any CPU = Debug|Any CPU
		Release|Any CPU = Release|Any CPU
	EndGlobalSection
	GlobalSection(ProjectConfigurationPlatforms) = postSolution
		{F0181524-85C9-4210-84A0-ED4F84E03CE9}.Debug|Any CPU.ActiveCfg = Debug|Any CPU
		{F0181524-85C9-4210-84A0-ED4F84E03CE9}.Debug|Any CPU.Build.0 = Debug|Any CPU
		{F0181524-85C9-4210-84A0-ED4F84E03CE9}.Release|Any CPU.ActiveCfg = Release|Any CPU
		{F0181524-85C9-4210-84A0-ED4F84E03CE9}.Release|Any CPU.Build.0 = Release|Any CPU
	EndGlobalSection
	GlobalSection(SolutionProperties) = preSolution
		HideSolutionNode = FALSE
	EndGlobalSection
	GlobalSection(ExtensibilityGlobals) = postSolution
		SolutionGuid = {E2F22354-F7DA-4528-8DF5-6FA7245C5A23}
	EndGlobalSection
EndGlobal
